
Microsoft Visual Studio Solution File, Format Version 12.00
# Visual Studio Version 17
VisualStudioVersion = 17.11.34909.67
MinimumVisualStudioVersion = 10.0.40219.1
Project("{FAE04EC0-301F-11D3-BF4B-00C04F79EFBC}") = "Plex.AspNetCore.OData.DynamicModel", "Plex.AspNetCore.OData.DynamicModel\Plex.AspNetCore.OData.DynamicModel.csproj", "{50D9E1B0-7A6A-41F9-A7C8-1E8EA179DEAA}"
EndProject
Global
	GlobalSection(SolutionConfigurationPlatforms) = preSolution
		Debug|Any CPU = Debug|Any CPU
		Release|Any CPU = Release|Any CPU
	EndGlobalSection
	GlobalSection(ProjectConfigurationPlatforms) = postSolution
		{50D9E1B0-7A6A-41F9-A7C8-1E8EA179DEAA}.Debug|Any CPU.ActiveCfg = Debug|Any CPU
		{50D9E1B0-7A6A-41F9-A7C8-1E8EA179DEAA}.Debug|Any CPU.Build.0 = Debug|Any CPU
		{50D9E1B0-7A6A-41F9-A7C8-1E8EA179DEAA}.Release|Any CPU.ActiveCfg = Release|Any CPU
		{50D9E1B0-7A6A-41F9-A7C8-1E8EA179DEAA}.Release|Any CPU.Build.0 = Release|Any CPU
	EndGlobalSection
	GlobalSection(SolutionProperties) = preSolution
		HideSolutionNode = FALSE
	EndGlobalSection
	GlobalSection(ExtensibilityGlobals) = postSolution
		SolutionGuid = {1798EF58-F33B-440B-8D8F-3F7DA3D90301}
	EndGlobalSection
EndGlobal
